{
  "nodes": {
    "flake-utils": {
      "locked": {
        "lastModified": 1779836347,
        "narHash": "sha256-iDFc7E++ec+vK5oQ+VEgM9/g6OUzDX4nZWswxRvu9AU=",
        "owner": "SpiralP",
        "repo": "nix-flake-utils",
        "rev": "3d5c8493434284aab42f394e02b59f66f0849b65",
        "type": "github"
      },
      "original": {
        "owner": "SpiralP",
        "repo": "nix-flake-utils",
        "type": "github"
      }
    },
    "nixpkgs": {
      "locked": {
        "lastModified": 1779796641,
        "narHash": "sha256-ZsIrKmhp4vbBXoXXmR/tBXA/UCsAQiJL9vsgZEduhVY=",
        "owner": "NixOS",
        "repo": "nixpkgs",
        "rev": "25f538306313eae3927264466c70d7001dcea1df",
        "type": "github"
      },
      "original": {
        "owner": "NixOS",
        "ref": "nixos-25.11",
        "repo": "nixpkgs",
        "type": "github"
      }
    },
    "root": {
      "inputs": {
        "flake-utils": "flake-utils",
        "nixpkgs": "nixpkgs"
      }
    }
  },
  "root": "root",
  "version": 7
}
